
Microsoft Visual Studio Solution File, Format Version 12.00
# Visual Studio Version 17
VisualStudioVersion = 17.0.31903.59
MinimumVisualStudioVersion = 10.0.40219.1
Project("{9A19103F-16F7-4668-BE54-9A1E7A4F7556}") = "UserManaging.API", "MedicalResearch\UserManaging.API.csproj", "{33521C87-2E37-4297-97CD-22F367F71339}"
EndProject
Project("{9A19103F-16F7-4668-BE54-9A1E7A4F7556}") = "UserManaging.Infrastructure", "MedicalResearch.Data\UserManaging.Infrastructure.csproj", "{3378895F-055B-40C3-B7B5-29F23DDEFC5E}"
EndProject
Project("{9A19103F-16F7-4668-BE54-9A1E7A4F7556}") = "UserManaging.Domain", "MedicalResearch.Core\UserManaging.Domain.csproj", "{6BD1C92C-9150-4207-A979-1096DD372BDE}"
EndProject
Project("{2150E333-8FDC-42A3-9474-1A3956D46DE8}") = "UserManaging", "UserManaging", "{BA0C54D6-8387-45C1-9746-85DD1E3DCA1F}"
EndProject
Project("{2150E333-8FDC-42A3-9474-1A3956D46DE8}") = "MedicineManaging", "MedicineManaging", "{35E94FD6-F1CD-4229-8BC5-B2F27849FF4F}"
EndProject
Project("{FAE04EC0-301F-11D3-BF4B-00C04F79EFBC}") = "MedicineManaging.API", "MedicineManaging.API\MedicineManaging.API.csproj", "{34155B50-7007-42FD-94A8-7087066181AE}"
EndProject
Project("{FAE04EC0-301F-11D3-BF4B-00C04F79EFBC}") = "MedicineManaging.Domain", "MedicineManaging.Domain\MedicineManaging.Domain.csproj", "{7E251AE3-F3C2-4ED0-8B9B-88F7560F298F}"
EndProject
Project("{FAE04EC0-301F-11D3-BF4B-00C04F79EFBC}") = "MedicineManaging.Infrastructure", "MedicineManaging.Infrastructure\MedicineManaging.Infrastructure.csproj", "{00A7F9A2-3529-4832-AD17-918DE24DC826}"
EndProject
Project("{E53339B2-1760-4266-BCC7-CA923CBCF16C}") = "docker-compose", "docker-compose.dcproj", "{604177E0-70F2-41A9-B51F-741C8A66FEE1}"
EndProject
Global
	GlobalSection(SolutionConfigurationPlatforms) = preSolution
		Debug|Any CPU = Debug|Any CPU
		Release|Any CPU = Release|Any CPU
	EndGlobalSection
	GlobalSection(ProjectConfigurationPlatforms) = postSolution
		{33521C87-2E37-4297-97CD-22F367F71339}.Debug|Any CPU.ActiveCfg = Debug|Any CPU
		{33521C87-2E37-4297-97CD-22F367F71339}.Debug|Any CPU.Build.0 = Debug|Any CPU
		{33521C87-2E37-4297-97CD-22F367F71339}.Release|Any CPU.ActiveCfg = Release|Any CPU
		{33521C87-2E37-4297-97CD-22F367F71339}.Release|Any CPU.Build.0 = Release|Any CPU
		{3378895F-055B-40C3-B7B5-29F23DDEFC5E}.Debug|Any CPU.ActiveCfg = Debug|Any CPU
		{3378895F-055B-40C3-B7B5-29F23DDEFC5E}.Debug|Any CPU.Build.0 = Debug|Any CPU
		{3378895F-055B-40C3-B7B5-29F23DDEFC5E}.Release|Any CPU.ActiveCfg = Release|Any CPU
		{3378895F-055B-40C3-B7B5-29F23DDEFC5E}.Release|Any CPU.Build.0 = Release|Any CPU
		{6BD1C92C-9150-4207-A979-1096DD372BDE}.Debug|Any CPU.ActiveCfg = Debug|Any CPU
		{6BD1C92C-9150-4207-A979-1096DD372BDE}.Debug|Any CPU.Build.0 = Debug|Any CPU
		{6BD1C92C-9150-4207-A979-1096DD372BDE}.Release|Any CPU.ActiveCfg = Release|Any CPU
		{6BD1C92C-9150-4207-A979-1096DD372BDE}.Release|Any CPU.Build.0 = Release|Any CPU
		{34155B50-7007-42FD-94A8-7087066181AE}.Debug|Any CPU.ActiveCfg = Debug|Any CPU
		{34155B50-7007-42FD-94A8-7087066181AE}.Debug|Any CPU.Build.0 = Debug|Any CPU
		{34155B50-7007-42FD-94A8-7087066181AE}.Release|Any CPU.ActiveCfg = Release|Any CPU
		{34155B50-7007-42FD-94A8-7087066181AE}.Release|Any CPU.Build.0 = Release|Any CPU
		{7E251AE3-F3C2-4ED0-8B9B-88F7560F298F}.Debug|Any CPU.ActiveCfg = Debug|Any CPU
		{7E251AE3-F3C2-4ED0-8B9B-88F7560F298F}.Debug|Any CPU.Build.0 = Debug|Any CPU
		{7E251AE3-F3C2-4ED0-8B9B-88F7560F298F}.Release|Any CPU.ActiveCfg = Release|Any CPU
		{7E251AE3-F3C2-4ED0-8B9B-88F7560F298F}.Release|Any CPU.Build.0 = Release|Any CPU
		{00A7F9A2-3529-4832-AD17-918DE24DC826}.Debug|Any CPU.ActiveCfg = Debug|Any CPU
		{00A7F9A2-3529-4832-AD17-918DE24DC826}.Debug|Any CPU.Build.0 = Debug|Any CPU
		{00A7F9A2-3529-4832-AD17-918DE24DC826}.Release|Any CPU.ActiveCfg = Release|Any CPU
		{00A7F9A2-3529-4832-AD17-918DE24DC826}.Release|Any CPU.Build.0 = Release|Any CPU
		{604177E0-70F2-41A9-B51F-741C8A66FEE1}.Debug|Any CPU.ActiveCfg = Debug|Any CPU
		{604177E0-70F2-41A9-B51F-741C8A66FEE1}.Debug|Any CPU.Build.0 = Debug|Any CPU
		{604177E0-70F2-41A9-B51F-741C8A66FEE1}.Release|Any CPU.ActiveCfg = Release|Any CPU
		{604177E0-70F2-41A9-B51F-741C8A66FEE1}.Release|Any CPU.Build.0 = Release|Any CPU
	EndGlobalSection
	GlobalSection(SolutionProperties) = preSolution
		HideSolutionNode = FALSE
	EndGlobalSection
	GlobalSection(NestedProjects) = preSolution
		{33521C87-2E37-4297-97CD-22F367F71339} = {BA0C54D6-8387-45C1-9746-85DD1E3DCA1F}
		{3378895F-055B-40C3-B7B5-29F23DDEFC5E} = {BA0C54D6-8387-45C1-9746-85DD1E3DCA1F}
		{6BD1C92C-9150-4207-A979-1096DD372BDE} = {BA0C54D6-8387-45C1-9746-85DD1E3DCA1F}
		{34155B50-7007-42FD-94A8-7087066181AE} = {35E94FD6-F1CD-4229-8BC5-B2F27849FF4F}
		{7E251AE3-F3C2-4ED0-8B9B-88F7560F298F} = {35E94FD6-F1CD-4229-8BC5-B2F27849FF4F}
		{00A7F9A2-3529-4832-AD17-918DE24DC826} = {35E94FD6-F1CD-4229-8BC5-B2F27849FF4F}
	EndGlobalSection
	GlobalSection(ExtensibilityGlobals) = postSolution
		SolutionGuid = {C7DEAF0D-665E-4080-8586-C80C4403D7A0}
	EndGlobalSection
EndGlobal
